
Microsoft Visual Studio Solution File, Format Version 12.00
# Visual Studio Version 17
VisualStudioVersion = 17.9.34728.123
MinimumVisualStudioVersion = 10.0.40219.1
Project("{FAE04EC0-301F-11D3-BF4B-00C04F79EFBC}") = "DoAn2", "DoAn2\DoAn2.csproj", "{FD220670-0340-4893-A246-788ED2FE74EE}"
EndProject
Global
	GlobalSection(SolutionConfigurationPlatforms) = preSolution
		Debug|Any CPU = Debug|Any CPU
		Release|Any CPU = Release|Any CPU
	EndGlobalSection
	GlobalSection(ProjectConfigurationPlatforms) = postSolution
		{FD220670-0340-4893-A246-788ED2FE74EE}.Debug|Any CPU.ActiveCfg = Debug|Any CPU
		{FD220670-0340-4893-A246-788ED2FE74EE}.Debug|Any CPU.Build.0 = Debug|Any CPU
		{FD220670-0340-4893-A246-788ED2FE74EE}.Release|Any CPU.ActiveCfg = Release|Any CPU
		{FD220670-0340-4893-A246-788ED2FE74EE}.Release|Any CPU.Build.0 = Release|Any CPU
	EndGlobalSection
	GlobalSection(SolutionProperties) = preSolution
		HideSolutionNode = FALSE
	EndGlobalSection
	GlobalSection(ExtensibilityGlobals) = postSolution
		SolutionGuid = {56968BFA-7096-49BD-A4F8-9B90A869B451}
	EndGlobalSection
EndGlobal
